
Microsoft Visual Studio Solution File, Format Version 12.00
# Visual Studio Version 16
VisualStudioVersion = 16.0.29519.87
MinimumVisualStudioVersion = 10.0.40219.1
Project("{9A19103F-16F7-4668-BE54-9A1E7A4F7556}") = "AlexaSkill", "AlexaSkill\AlexaSkill.csproj", "{B16D12C1-D302-4EB2-85EE-143490AF1168}"
EndProject
Project("{9A19103F-16F7-4668-BE54-9A1E7A4F7556}") = "DeviceApi", "DeviceApi\DeviceApi.csproj", "{E55A5236-1198-40B2-84BC-2445AA9F8359}"
EndProject
Project("{9A19103F-16F7-4668-BE54-9A1E7A4F7556}") = "Models", "Models\Models.csproj", "{1883BA56-4CAC-4623-9B00-9DD2B1CEFD1B}"
EndProject
Global
	GlobalSection(SolutionConfigurationPlatforms) = preSolution
		Debug|Any CPU = Debug|Any CPU
		Release|Any CPU = Release|Any CPU
	EndGlobalSection
	GlobalSection(ProjectConfigurationPlatforms) = postSolution
		{B16D12C1-D302-4EB2-85EE-143490AF1168}.Debug|Any CPU.ActiveCfg = Debug|Any CPU
		{B16D12C1-D302-4EB2-85EE-143490AF1168}.Debug|Any CPU.Build.0 = Debug|Any CPU
		{B16D12C1-D302-4EB2-85EE-143490AF1168}.Release|Any CPU.ActiveCfg = Release|Any CPU
		{B16D12C1-D302-4EB2-85EE-143490AF1168}.Release|Any CPU.Build.0 = Release|Any CPU
		{E55A5236-1198-40B2-84BC-2445AA9F8359}.Debug|Any CPU.ActiveCfg = Debug|Any CPU
		{E55A5236-1198-40B2-84BC-2445AA9F8359}.Debug|Any CPU.Build.0 = Debug|Any CPU
		{E55A5236-1198-40B2-84BC-2445AA9F8359}.Release|Any CPU.ActiveCfg = Release|Any CPU
		{E55A5236-1198-40B2-84BC-2445AA9F8359}.Release|Any CPU.Build.0 = Release|Any CPU
		{1883BA56-4CAC-4623-9B00-9DD2B1CEFD1B}.Debug|Any CPU.ActiveCfg = Debug|Any CPU
		{1883BA56-4CAC-4623-9B00-9DD2B1CEFD1B}.Debug|Any CPU.Build.0 = Debug|Any CPU
		{1883BA56-4CAC-4623-9B00-9DD2B1CEFD1B}.Release|Any CPU.ActiveCfg = Release|Any CPU
		{1883BA56-4CAC-4623-9B00-9DD2B1CEFD1B}.Release|Any CPU.Build.0 = Release|Any CPU
	EndGlobalSection
	GlobalSection(SolutionProperties) = preSolution
		HideSolutionNode = FALSE
	EndGlobalSection
	GlobalSection(ExtensibilityGlobals) = postSolution
		SolutionGuid = {316D9556-32BB-453D-BB1A-6F9A2C8D7152}
	EndGlobalSection
EndGlobal
