
Microsoft Visual Studio Solution File, Format Version 12.00
# Visual Studio Version 16
VisualStudioVersion = 16.0.29519.87
MinimumVisualStudioVersion = 10.0.40219.1
Project("{9A19103F-16F7-4668-BE54-9A1E7A4F7556}") = "AlexaSkill", "AlexaSkill\AlexaSkill.csproj", "{D2F969B3-1846-4E6A-AAC7-B95F2FBD317B}"
EndProject
Project("{9A19103F-16F7-4668-BE54-9A1E7A4F7556}") = "DeviceService", "DeviceService\DeviceService.csproj", "{D3987D0C-B55F-4FD7-A962-9E9A49073841}"
EndProject
Project("{9A19103F-16F7-4668-BE54-9A1E7A4F7556}") = "Models", "Models\Models.csproj", "{6C0FEDD0-D975-4897-B7A0-A897B53A512E}"
EndProject
Global
	GlobalSection(SolutionConfigurationPlatforms) = preSolution
		Debug|Any CPU = Debug|Any CPU
		Release|Any CPU = Release|Any CPU
	EndGlobalSection
	GlobalSection(ProjectConfigurationPlatforms) = postSolution
		{D2F969B3-1846-4E6A-AAC7-B95F2FBD317B}.Debug|Any CPU.ActiveCfg = Debug|Any CPU
		{D2F969B3-1846-4E6A-AAC7-B95F2FBD317B}.Debug|Any CPU.Build.0 = Debug|Any CPU
		{D2F969B3-1846-4E6A-AAC7-B95F2FBD317B}.Release|Any CPU.ActiveCfg = Release|Any CPU
		{D2F969B3-1846-4E6A-AAC7-B95F2FBD317B}.Release|Any CPU.Build.0 = Release|Any CPU
		{D3987D0C-B55F-4FD7-A962-9E9A49073841}.Debug|Any CPU.ActiveCfg = Debug|Any CPU
		{D3987D0C-B55F-4FD7-A962-9E9A49073841}.Debug|Any CPU.Build.0 = Debug|Any CPU
		{D3987D0C-B55F-4FD7-A962-9E9A49073841}.Release|Any CPU.ActiveCfg = Release|Any CPU
		{D3987D0C-B55F-4FD7-A962-9E9A49073841}.Release|Any CPU.Build.0 = Release|Any CPU
		{6C0FEDD0-D975-4897-B7A0-A897B53A512E}.Debug|Any CPU.ActiveCfg = Debug|Any CPU
		{6C0FEDD0-D975-4897-B7A0-A897B53A512E}.Debug|Any CPU.Build.0 = Debug|Any CPU
		{6C0FEDD0-D975-4897-B7A0-A897B53A512E}.Release|Any CPU.ActiveCfg = Release|Any CPU
		{6C0FEDD0-D975-4897-B7A0-A897B53A512E}.Release|Any CPU.Build.0 = Release|Any CPU
	EndGlobalSection
	GlobalSection(SolutionProperties) = preSolution
		HideSolutionNode = FALSE
	EndGlobalSection
	GlobalSection(ExtensibilityGlobals) = postSolution
		SolutionGuid = {316D9556-32BB-453D-BB1A-6F9A2C8D7152}
	EndGlobalSection
EndGlobal
