
Microsoft Visual Studio Solution File, Format Version 12.00
# Visual Studio Version 16
VisualStudioVersion = 16.0.30907.101
MinimumVisualStudioVersion = 10.0.40219.1
Project("{FAE04EC0-301F-11D3-BF4B-00C04F79EFBC}") = "DeviceFinder.Android", "DeviceFinder.Android\DeviceFinder.Android.csproj", "{15898438-3AA4-40C5-B40A-18A2B776B736}"
EndProject
Project("{FAE04EC0-301F-11D3-BF4B-00C04F79EFBC}") = "DeviceFinder.iOS", "DeviceFinder.iOS\DeviceFinder.iOS.csproj", "{4D9B86D3-61AC-48DB-85E0-1B40787EE409}"
EndProject
Project("{9A19103F-16F7-4668-BE54-9A1E7A4F7556}") = "DeviceFinder", "DeviceFinder\DeviceFinder.csproj", "{A257C8CA-2E61-4AA3-8B1F-0727CD28322B}"
EndProject
Global
	GlobalSection(SolutionConfigurationPlatforms) = preSolution
		Debug|Any CPU = Debug|Any CPU
		Debug|iPhone = Debug|iPhone
		Debug|iPhoneSimulator = Debug|iPhoneSimulator
		Release|Any CPU = Release|Any CPU
		Release|iPhone = Release|iPhone
		Release|iPhoneSimulator = Release|iPhoneSimulator
	EndGlobalSection
	GlobalSection(ProjectConfigurationPlatforms) = postSolution
		{15898438-3AA4-40C5-B40A-18A2B776B736}.Debug|Any CPU.ActiveCfg = Debug|Any CPU
		{15898438-3AA4-40C5-B40A-18A2B776B736}.Debug|Any CPU.Build.0 = Debug|Any CPU
		{15898438-3AA4-40C5-B40A-18A2B776B736}.Debug|Any CPU.Deploy.0 = Debug|Any CPU
		{15898438-3AA4-40C5-B40A-18A2B776B736}.Debug|iPhone.ActiveCfg = Debug|Any CPU
		{15898438-3AA4-40C5-B40A-18A2B776B736}.Debug|iPhone.Build.0 = Debug|Any CPU
		{15898438-3AA4-40C5-B40A-18A2B776B736}.Debug|iPhone.Deploy.0 = Debug|Any CPU
		{15898438-3AA4-40C5-B40A-18A2B776B736}.Debug|iPhoneSimulator.ActiveCfg = Debug|Any CPU
		{15898438-3AA4-40C5-B40A-18A2B776B736}.Debug|iPhoneSimulator.Build.0 = Debug|Any CPU
		{15898438-3AA4-40C5-B40A-18A2B776B736}.Debug|iPhoneSimulator.Deploy.0 = Debug|Any CPU
		{15898438-3AA4-40C5-B40A-18A2B776B736}.Release|Any CPU.ActiveCfg = Release|Any CPU
		{15898438-3AA4-40C5-B40A-18A2B776B736}.Release|Any CPU.Build.0 = Release|Any CPU
		{15898438-3AA4-40C5-B40A-18A2B776B736}.Release|Any CPU.Deploy.0 = Release|Any CPU
		{15898438-3AA4-40C5-B40A-18A2B776B736}.Release|iPhone.ActiveCfg = Release|Any CPU
		{15898438-3AA4-40C5-B40A-18A2B776B736}.Release|iPhone.Build.0 = Release|Any CPU
		{15898438-3AA4-40C5-B40A-18A2B776B736}.Release|iPhone.Deploy.0 = Release|Any CPU
		{15898438-3AA4-40C5-B40A-18A2B776B736}.Release|iPhoneSimulator.ActiveCfg = Release|Any CPU
		{15898438-3AA4-40C5-B40A-18A2B776B736}.Release|iPhoneSimulator.Build.0 = Release|Any CPU
		{15898438-3AA4-40C5-B40A-18A2B776B736}.Release|iPhoneSimulator.Deploy.0 = Release|Any CPU
		{4D9B86D3-61AC-48DB-85E0-1B40787EE409}.Debug|Any CPU.ActiveCfg = Debug|iPhone
		{4D9B86D3-61AC-48DB-85E0-1B40787EE409}.Debug|Any CPU.Build.0 = Debug|iPhone
		{4D9B86D3-61AC-48DB-85E0-1B40787EE409}.Debug|Any CPU.Deploy.0 = Debug|iPhone
		{4D9B86D3-61AC-48DB-85E0-1B40787EE409}.Debug|iPhone.ActiveCfg = Debug|iPhone
		{4D9B86D3-61AC-48DB-85E0-1B40787EE409}.Debug|iPhone.Build.0 = Debug|iPhone
		{4D9B86D3-61AC-48DB-85E0-1B40787EE409}.Debug|iPhone.Deploy.0 = Debug|iPhone
		{4D9B86D3-61AC-48DB-85E0-1B40787EE409}.Debug|iPhoneSimulator.ActiveCfg = Debug|iPhoneSimulator
		{4D9B86D3-61AC-48DB-85E0-1B40787EE409}.Debug|iPhoneSimulator.Build.0 = Debug|iPhoneSimulator
		{4D9B86D3-61AC-48DB-85E0-1B40787EE409}.Debug|iPhoneSimulator.Deploy.0 = Debug|iPhoneSimulator
		{4D9B86D3-61AC-48DB-85E0-1B40787EE409}.Release|Any CPU.ActiveCfg = Release|iPhoneSimulator
		{4D9B86D3-61AC-48DB-85E0-1B40787EE409}.Release|Any CPU.Build.0 = Release|iPhoneSimulator
		{4D9B86D3-61AC-48DB-85E0-1B40787EE409}.Release|Any CPU.Deploy.0 = Release|iPhoneSimulator
		{4D9B86D3-61AC-48DB-85E0-1B40787EE409}.Release|iPhone.ActiveCfg = Release|iPhone
		{4D9B86D3-61AC-48DB-85E0-1B40787EE409}.Release|iPhone.Build.0 = Release|iPhone
		{4D9B86D3-61AC-48DB-85E0-1B40787EE409}.Release|iPhone.Deploy.0 = Release|iPhone
		{4D9B86D3-61AC-48DB-85E0-1B40787EE409}.Release|iPhoneSimulator.ActiveCfg = Release|iPhoneSimulator
		{4D9B86D3-61AC-48DB-85E0-1B40787EE409}.Release|iPhoneSimulator.Build.0 = Release|iPhoneSimulator
		{4D9B86D3-61AC-48DB-85E0-1B40787EE409}.Release|iPhoneSimulator.Deploy.0 = Release|iPhoneSimulator
		{A257C8CA-2E61-4AA3-8B1F-0727CD28322B}.Debug|Any CPU.ActiveCfg = Debug|Any CPU
		{A257C8CA-2E61-4AA3-8B1F-0727CD28322B}.Debug|Any CPU.Build.0 = Debug|Any CPU
		{A257C8CA-2E61-4AA3-8B1F-0727CD28322B}.Debug|Any CPU.Deploy.0 = Debug|Any CPU
		{A257C8CA-2E61-4AA3-8B1F-0727CD28322B}.Debug|iPhone.ActiveCfg = Debug|Any CPU
		{A257C8CA-2E61-4AA3-8B1F-0727CD28322B}.Debug|iPhone.Build.0 = Debug|Any CPU
		{A257C8CA-2E61-4AA3-8B1F-0727CD28322B}.Debug|iPhone.Deploy.0 = Debug|Any CPU
		{A257C8CA-2E61-4AA3-8B1F-0727CD28322B}.Debug|iPhoneSimulator.ActiveCfg = Debug|Any CPU
		{A257C8CA-2E61-4AA3-8B1F-0727CD28322B}.Debug|iPhoneSimulator.Build.0 = Debug|Any CPU
		{A257C8CA-2E61-4AA3-8B1F-0727CD28322B}.Debug|iPhoneSimulator.Deploy.0 = Debug|Any CPU
		{A257C8CA-2E61-4AA3-8B1F-0727CD28322B}.Release|Any CPU.ActiveCfg = Release|Any CPU
		{A257C8CA-2E61-4AA3-8B1F-0727CD28322B}.Release|Any CPU.Build.0 = Release|Any CPU
		{A257C8CA-2E61-4AA3-8B1F-0727CD28322B}.Release|Any CPU.Deploy.0 = Release|Any CPU
		{A257C8CA-2E61-4AA3-8B1F-0727CD28322B}.Release|iPhone.ActiveCfg = Release|Any CPU
		{A257C8CA-2E61-4AA3-8B1F-0727CD28322B}.Release|iPhone.Build.0 = Release|Any CPU
		{A257C8CA-2E61-4AA3-8B1F-0727CD28322B}.Release|iPhone.Deploy.0 = Release|Any CPU
		{A257C8CA-2E61-4AA3-8B1F-0727CD28322B}.Release|iPhoneSimulator.ActiveCfg = Release|Any CPU
		{A257C8CA-2E61-4AA3-8B1F-0727CD28322B}.Release|iPhoneSimulator.Build.0 = Release|Any CPU
		{A257C8CA-2E61-4AA3-8B1F-0727CD28322B}.Release|iPhoneSimulator.Deploy.0 = Release|Any CPU
	EndGlobalSection
	GlobalSection(SolutionProperties) = preSolution
		HideSolutionNode = FALSE
	EndGlobalSection
	GlobalSection(ExtensibilityGlobals) = postSolution
		SolutionGuid = {48CEEA07-91A6-4609-BA26-432A3A3BCCBA}
	EndGlobalSection
EndGlobal
